// !$*UTF8*$!
{
	archiveVersion = 1;
	classes = {
	};
	objectVersion = 46;
	objects = {

/* Begin PBXBuildFile section */
		B6DE00051DD856B700059BE5 /* main.m in Sources */ = {isa = PBXBuildFile; fileRef = B6DE00041DD856B700059BE5 /* main.m */; };
		B6DE00081DD856B700059BE5 /* AppDelegate.m in Sources */ = {isa = PBXBuildFile; fileRef = B6DE00071DD856B700059BE5 /* AppDelegate.m */; };
		B6DE000B1DD856B700059BE5 /* ViewController.m in Sources */ = {isa = PBXBuildFile; fileRef = B6DE000A1DD856B700059BE5 /* ViewController.m */; };
		B6DE000E1DD856B700059BE5 /* Main.storyboard in Resources */ = {isa = PBXBuildFile; fileRef = B6DE000C1DD856B700059BE5 /* Main.storyboard */; };
		B6DE00101DD856B700059BE5 /* Assets.xcassets in Resources */ = {isa = PBXBuildFile; fileRef = B6DE000F1DD856B700059BE5 /* Assets.xcassets */; };
		B6DE00131DD856B700059BE5 /* LaunchScreen.storyboard in Resources */ = {isa = PBXBuildFile; fileRef = B6DE00111DD856B700059BE5 /* LaunchScreen.storyboard */; };
/* End PBXBuildFile section */

/* Begin PBXFileReference section */
		B6DE00001DD856B700059BE5 /* VideoDemo.app */ = {isa = PBXFileReference; explicitFileType = wrapper.application; includeInIndex = 0; path = VideoDemo.app; sourceTree = BUILT_PRODUCTS_DIR; };
		B6DE00041DD856B700059BE5 /* main.m */ = {isa = PBXFileReference; lastKnownFileType = sourcecode.c.objc; path = main.m; sourceTree = "<group>"; };
		B6DE00061DD856B700059BE5 /* AppDelegate.h */ = {isa = PBXFileReference; lastKnownFileType = sourcecode.c.h; path = AppDelegate.h; sourceTree = "<group>"; };
		B6DE00071DD856B700059BE5 /* AppDelegate.m */ = {isa = PBXFileReference; lastKnownFileType = sourcecode.c.objc; path = AppDelegate.m; sourceTree = "<group>"; };
		B6DE00091DD856B700059BE5 /* ViewController.h */ = {isa = PBXFileReference; lastKnownFileType = sourcecode.c.h; path = ViewController.h; sourceTree = "<group>"; };
		B6DE000A1DD856B700059BE5 /* ViewController.m */ = {isa = PBXFileReference; lastKnownFileType = sourcecode.c.objc; path = ViewController.m; sourceTree = "<group>"; };
		B6DE000D1DD856B700059BE5 /* Base */ = {isa = PBXFileReference; lastKnownFileType = file.storyboard; name = Base; path = Base.lproj/Main.storyboard; sourceTree = "<group>"; };
		B6DE000F1DD856B700059BE5 /* Assets.xcassets */ = {isa = PBXFileReference; lastKnownFileType = folder.assetcatalog; path = Assets.xcassets; sourceTree = "<group>"; };
		B6DE00121DD856B700059BE5 /* Base */ = {isa = PBXFileReference; lastKnownFileType = file.storyboard; name = Base; path = Base.lproj/LaunchScreen.storyboard; sourceTree = "<group>"; };
		B6DE00141DD856B700059BE5 /* Info.plist */ = {isa = PBXFileReference; lastKnownFileType = text.plist.xml; path = Info.plist; sourceTree = "<group>"; };
/* End PBXFileReference section */

/* Begin PBXFrameworksBuildPhase section */
		B6DEFFFD1DD856B600059BE5 /* Frameworks */ = {
			isa = PBXFrameworksBuildPhase;
			buildActionMask = 2147483647;
			files = (
			);
			runOnlyForDeploymentPostprocessing = 0;
		};
/* End PBXFrameworksBuildPhase section */

/* Begin PBXGroup section */
		B6DE00011DD856B700059BE5 /* Products */ = {
			isa = PBXGroup;
			children = (
				B6DE00001DD856B700059BE5 /* VideoDemo.app */,
			);
			name = Products;
			sourceTree = "<group>";
		};
		B6DE00021DD856B700059BE5 /* VideoDemo */ = {
			isa = PBXGroup;
			children = (
				B6DE00061DD856B700059BE5 /* AppDelegate.h */,
				B6DE00071DD856B700059BE5 /* AppDelegate.m */,
				B6DE00091DD856B700059BE5 /* ViewController.h */,
				B6DE000A1DD856B700059BE5 /* ViewController.m */,
				B6DE000C1DD856B700059BE5 /* Main.storyboard */,
				B6DE000F1DD856B700059BE5 /* Assets.xcassets */,
				B6DE00111DD856B700059BE5 /* LaunchScreen.storyboard */,
				B6DE00141DD856B700059BE5 /* Info.plist */,
				B6DE00031DD856B700059BE5 /* Supporting Files */,
			);
			path = VideoDemo;
			sourceTree = "<group>";
		};
		B6DE00031DD856B700059BE5 /* Supporting Files */ = {
			isa = PBXGroup;
			children = (
				B6DE00041DD856B700059BE5 /* main.m */,
			);
			name = "Supporting Files";
			sourceTree = "<group>";
		};
		B6DEFFF71DD856B500059BE5 = {
			isa = PBXGroup;
			children = (
				B6DE00021DD856B700059BE5 /* VideoDemo */,
				B6DE00011DD856B700059BE5 /* Products */,
			);
			sourceTree = "<group>";
		};
/* End PBXGroup section */

/* Begin PBXNativeTarget section */
		B6DEFFFF1DD856B600059BE5 /* VideoDemo */ = {
			isa = PBXNativeTarget;
			buildConfigurationList = B6DE00171DD856B700059BE5 /* Build configuration list for PBXNativeTarget "VideoDemo" */;
			buildPhases = (
				B6DEFFFC1DD856B600059BE5 /* Sources */,
				B6DEFFFD1DD856B600059BE5 /* Frameworks */,
				B6DEFFFE1DD856B600059BE5 /* Resources */,
			);
			buildRules = (
			);
			dependencies = (
			);
			name = VideoDemo;
			productName = VideoDemo;
			productReference = B6DE00001DD856B700059BE5 /* VideoDemo.app */;
			productType = "com.apple.product-type.application";
		};
/* End PBXNativeTarget section */

/* Begin PBXProject section */
		B6DEFFF81DD856B500059BE5 /* Project object */ = {
			isa = PBXProject;
			attributes = {
				LastUpgradeCheck = 0810;
				ORGANIZATIONNAME = JunfengLi;
				TargetAttributes = {
					B6DEFFFF1DD856B600059BE5 = {
						CreatedOnToolsVersion = 8.1;
						ProvisioningStyle = Automatic;
					};
				};
			};
			buildConfigurationList = B6DEFFFB1DD856B500059BE5 /* Build configuration list for PBXProject "VideoDemo" */;
			compatibilityVersion = "Xcode 3.2";
			developmentRegion = English;
			hasScannedForEncodings = 0;
			knownRegions = (
				en,
				Base,
			);
			mainGroup = B6DEFFF71DD856B500059BE5;
			productRefGroup = B6DE00011DD856B700059BE5 /* Products */;
			projectDirPath = "";
			projectRoot = "";
			targets = (
				B6DEFFFF1DD856B600059BE5 /* VideoDemo */,
			);
		};
/* End PBXProject section */

/* Begin PBXResourcesBuildPhase section */
		B6DEFFFE1DD856B600059BE5 /* Resources */ = {
			isa = PBXResourcesBuildPhase;
			buildActionMask = 2147483647;
			files = (
				B6DE00131DD856B700059BE5 /* LaunchScreen.storyboard in Resources */,
				B6DE00101DD856B700059BE5 /* Assets.xcassets in Resources */,
				B6DE000E1DD856B700059BE5 /* Main.storyboard in Resources */,
			);
			runOnlyForDeploymentPostprocessing = 0;
		};
/* End PBXResourcesBuildPhase section */

/* Begin PBXSourcesBuildPhase section */
		B6DEFFFC1DD856B600059BE5 /* Sources */ = {
			isa = PBXSourcesBuildPhase;
			buildActionMask = 2147483647;
			files = (
				B6DE000B1DD856B700059BE5 /* ViewController.m in Sources */,
				B6DE00081DD856B700059BE5 /* AppDelegate.m in Sources */,
				B6DE00051DD856B700059BE5 /* main.m in Sources */,
			);
			runOnlyForDeploymentPostprocessing = 0;
		};
/* End PBXSourcesBuildPhase section */

/* Begin PBXVariantGroup section */
		B6DE000C1DD856B700059BE5 /* Main.storyboard */ = {
			isa = PBXVariantGroup;
			children = (
				B6DE000D1DD856B700059BE5 /* Base */,
			);
			name = Main.storyboard;
			sourceTree = "<group>";
		};
		B6DE00111DD856B700059BE5 /* LaunchScreen.storyboard */ = {
			isa = PBXVariantGroup;
			children = (
				B6DE00121DD856B700059BE5 /* Base */,
			);
			name = LaunchScreen.storyboard;
			sourceTree = "<group>";
		};
/* End PBXVariantGroup section */

/* Begin XCBuildConfiguration section */
		B6DE00151DD856B700059BE5 /* Debug */ = {
			isa = XCBuildConfiguration;
			buildSettings = {
				ALWAYS_SEARCH_USER_PATHS = NO;
				CLANG_ANALYZER_NONNULL = YES;
				CLANG_CXX_LANGUAGE_STANDARD = "gnu++0x";
				CLANG_CXX_LIBRARY = "libc++";
				CLANG_ENABLE_MODULES = YES;
				CLANG_ENABLE_OBJC_ARC = YES;
				CLANG_WARN_BOOL_CONVERSION = YES;
				CLANG_WARN_CONSTANT_CONVERSION = YES;
				CLANG_WARN_DIRECT_OBJC_ISA_USAGE = YES_ERROR;
				CLANG_WARN_DOCUMENTATION_COMMENTS = YES;
				CLANG_WARN_EMPTY_BODY = YES;
				CLANG_WARN_ENUM_CONVERSION = YES;
				CLANG_WARN_INFINITE_RECURSION = YES;
				CLANG_WARN_INT_CONVERSION = YES;
				CLANG_WARN_OBJC_ROOT_CLASS = YES_ERROR;
				CLANG_WARN_SUSPICIOUS_MOVES = YES;
				CLANG_WARN_UNREACHABLE_CODE = YES;
				CLANG_WARN__DUPLICATE_METHOD_MATCH = YES;
				"CODE_SIGN_IDENTITY[sdk=iphoneos*]" = "iPhone Developer";
				COPY_PHASE_STRIP = NO;
				DEBUG_INFORMATION_FORMAT = dwarf;
				ENABLE_STRICT_OBJC_MSGSEND = YES;
				ENABLE_TESTABILITY = YES;
				GCC_C_LANGUAGE_STANDARD = gnu99;
				GCC_DYNAMIC_NO_PIC = NO;
				GCC_NO_COMMON_BLOCKS = YES;
				GCC_OPTIMIZATION_LEVEL = 0;
				GCC_PREPROCESSOR_DEFINITIONS = (
					"DEBUG=1",
					"$(inherited)",
				);
				GCC_WARN_64_TO_32_BIT_CONVERSION = YES;
				GCC_WARN_ABOUT_RETURN_TYPE = YES_ERROR;
				GCC_WARN_UNDECLARED_SELECTOR = YES;
				GCC_WARN_UNINITIALIZED_AUTOS = YES_AGGRESSIVE;
				GCC_WARN_UNUSED_FUNCTION = YES;
				GCC_WARN_UNUSED_VARIABLE = YES;
				IPHONEOS_DEPLOYMENT_TARGET = 10.1;
				MTL_ENABLE_DEBUG_INFO = YES;
				ONLY_ACTIVE_ARCH = YES;
				SDKROOT = iphoneos;
			};
			name = Debug;
		};
		B6DE00161DD856B700059BE5 /* Release */ = {
			isa = XCBuildConfiguration;
			buildSettings = {
				ALWAYS_SEARCH_USER_PATHS = NO;
				CLANG_ANALYZER_NONNULL = YES;
				CLANG_CXX_LANGUAGE_STANDARD = "gnu++0x";
				CLANG_CXX_LIBRARY = "libc++";
				CLANG_ENABLE_MODULES = YES;
				CLANG_ENABLE_OBJC_ARC = YES;
				CLANG_WARN_BOOL_CONVERSION = YES;
				CLANG_WARN_CONSTANT_CONVERSION = YES;
				CLANG_WARN_DIRECT_OBJC_ISA_USAGE = YES_ERROR;
				CLANG_WARN_DOCUMENTATION_COMMENTS = YES;
				CLANG_WARN_EMPTY_BODY = YES;
				CLANG_WARN_ENUM_CONVERSION = YES;
				CLANG_WARN_INFINITE_RECURSION = YES;
				CLANG_WARN_INT_CONVERSION = YES;
				CLANG_WARN_OBJC_ROOT_CLASS = YES_ERROR;
				CLANG_WARN_SUSPICIOUS_MOVES = YES;
				CLANG_WARN_UNREACHABLE_CODE = YES;
				CLANG_WARN__DUPLICATE_METHOD_MATCH = YES;
				"CODE_SIGN_IDENTITY[sdk=iphoneos*]" = "iPhone Developer";
				COPY_PHASE_STRIP = NO;
				DEBUG_INFORMATION_FORMAT = "dwarf-with-dsym";
				ENABLE_NS_ASSERTIONS = NO;
				ENABLE_STRICT_OBJC_MSGSEND = YES;
				GCC_C_LANGUAGE_STANDARD = gnu99;
				GCC_NO_COMMON_BLOCKS = YES;
				GCC_WARN_64_TO_32_BIT_CONVERSION = YES;
				GCC_WARN_ABOUT_RETURN_TYPE = YES_ERROR;
				GCC_WARN_UNDECLARED_SELECTOR = YES;
				GCC_WARN_UNINITIALIZED_AUTOS = YES_AGGRESSIVE;
				GCC_WARN_UNUSED_FUNCTION = YES;
				GCC_WARN_UNUSED_VARIABLE = YES;
				IPHONEOS_DEPLOYMENT_TARGET = 10.1;
				MTL_ENABLE_DEBUG_INFO = NO;
				SDKROOT = iphoneos;
				VALIDATE_PRODUCT = YES;
			};
			name = Release;
		};
		B6DE00181DD856B700059BE5 /* Debug */ = {
			isa = XCBuildConfiguration;
			buildSettings = {
				ASSETCATALOG_COMPILER_APPICON_NAME = AppIcon;
				INFOPLIST_FILE = VideoDemo/Info.plist;
				LD_RUNPATH_SEARCH_PATHS = "$(inherited) @executable_path/Frameworks";
				PRODUCT_BUNDLE_IDENTIFIER = com.jfl.VideoDemo;
				PRODUCT_NAME = "$(TARGET_NAME)";
			};
			name = Debug;
		};
		B6DE00191DD856B700059BE5 /* Release */ = {
			isa = XCBuildConfiguration;
			buildSettings = {
				ASSETCATALOG_COMPILER_APPICON_NAME = AppIcon;
				INFOPLIST_FILE = VideoDemo/Info.plist;
				LD_RUNPATH_SEARCH_PATHS = "$(inherited) @executable_path/Frameworks";
				PRODUCT_BUNDLE_IDENTIFIER = com.jfl.VideoDemo;
				PRODUCT_NAME = "$(TARGET_NAME)";
			};
			name = Release;
		};
/* End XCBuildConfiguration section */

/* Begin XCConfigurationList section */
		B6DE00171DD856B700059BE5 /* Build configuration list for PBXNativeTarget "VideoDemo" */ = {
			isa = XCConfigurationList;
			buildConfigurations = (
				B6DE00181DD856B700059BE5 /* Debug */,
				B6DE00191DD856B700059BE5 /* Release */,
			);
			defaultConfigurationIsVisible = 0;
		};
		B6DEFFFB1DD856B500059BE5 /* Build configuration list for PBXProject "VideoDemo" */ = {
			isa = XCConfigurationList;
			buildConfigurations = (
				B6DE00151DD856B700059BE5 /* Debug */,
				B6DE00161DD856B700059BE5 /* Release */,
			);
			defaultConfigurationIsVisible = 0;
			defaultConfigurationName = Release;
		};
/* End XCConfigurationList section */
	};
	rootObject = B6DEFFF81DD856B500059BE5 /* Project object */;
}
